[[package]]
category = "dev"
description = "A small Python module for determining appropriate platform-specific dirs, e.g. a \"user data dir\"."
name = "appdirs"
optional = false
python-versions = "*"
version = "1.4.3"

[[package]]
category = "dev"
description = "Classes Without Boilerplate"
name = "attrs"
optional = false
python-versions = ">=2.7, !=3.0.*, !=3.1.*, !=3.2.*, !=3.3.*"
version = "19.3.0"

[package.extras]
azure-pipelines = ["coverage", "hypothesis", "pympler", "pytest (>=4.3.0)", "six", "zope.interface", "pytest-azurepipelines"]
dev = ["coverage", "hypothesis", "pympler", "pytest (>=4.3.0)", "six", "zope.interface", "sphinx", "pre-commit"]
docs = ["sphinx", "zope.interface"]
tests = ["coverage", "hypothesis", "pympler", "pytest (>=4.3.0)", "six", "zope.interface"]

[[package]]
category = "dev"
description = "The uncompromising code formatter."
name = "black"
optional = false
python-versions = ">=3.6"
version = "19.10b0"

[package.dependencies]
appdirs = "*"
attrs = ">=18.1.0"
click = ">=6.5"
pathspec = ">=0.6,<1"
regex = "*"
toml = ">=0.9.4"
typed-ast = ">=1.4.0"

[package.extras]
d = ["aiohttp (>=3.3.2)", "aiohttp-cors"]

[[package]]
category = "main"
description = "Foreign Function Interface for Python calling C code."
name = "cffi"
optional = false
python-versions = "*"
version = "1.13.1"

[package.dependencies]
pycparser = "*"

[[package]]
category = "dev"
description = "Composable command line interface toolkit"
name = "click"
optional = false
python-versions = ">=2.7, !=3.0.*, !=3.1.*, !=3.2.*, !=3.3.*"
version = "7.0"

[[package]]
category = "dev"
description = "Discover and load entry points from installed packages."
name = "entrypoints"
optional = false
python-versions = ">=2.7"
version = "0.3"

[[package]]
category = "main"
description = "Esper is a lightweight Entity System for Python, with a focus on performance."
name = "esper"
optional = false
python-versions = "*"
version = "1.2"

[[package]]
category = "dev"
description = "the modular source code checker: pep8, pyflakes and co"
name = "flake8"
optional = false
python-versions = ">=2.7, !=3.0.*, !=3.1.*, !=3.2.*, !=3.3.*"
version = "3.7.9"

[package.dependencies]
entrypoints = ">=0.3.0,<0.4.0"
mccabe = ">=0.6.0,<0.7.0"
pycodestyle = ">=2.5.0,<2.6.0"
pyflakes = ">=2.1.0,<2.2.0"

[[package]]
category = "dev"
description = "A Python utility / library to sort Python imports."
name = "isort"
optional = false
python-versions = ">=2.7, !=3.0.*, !=3.1.*, !=3.2.*, !=3.3.*"
version = "4.3.21"

[package.extras]
pipfile = ["pipreqs", "requirementslib"]
pyproject = ["toml"]
requirements = ["pipreqs", "pip-api"]
xdg_home = ["appdirs (>=1.4.0)"]

[[package]]
category = "dev"
description = "McCabe checker, plugin for flake8"
name = "mccabe"
optional = false
python-versions = "*"
version = "0.6.1"

[[package]]
category = "dev"
description = "Optional static typing for Python"
name = "mypy"
optional = false
python-versions = ">=3.5"
version = "0.740"

[package.dependencies]
mypy-extensions = ">=0.4.0,<0.5.0"
typed-ast = ">=1.4.0,<1.5.0"
typing-extensions = ">=3.7.4"

[package.extras]
dmypy = ["psutil (>=4.0)"]

[[package]]
category = "dev"
description = "Experimental type system extensions for programs checked with the mypy typechecker."
name = "mypy-extensions"
optional = false
python-versions = "*"
version = "0.4.3"

[[package]]
category = "main"
description = "NumPy is the fundamental package for array computing with Python."
name = "numpy"
optional = false
python-versions = ">=3.5"
version = "1.17.3"

[[package]]
category = "dev"
description = "Utility library for gitignore style pattern matching of file paths."
name = "pathspec"
optional = false
python-versions = ">=2.7, !=3.0.*, !=3.1.*, !=3.2.*, !=3.3.*"
version = "0.6.0"

[[package]]
category = "dev"
description = "Python style guide checker"
name = "pycodestyle"
optional = false
python-versions = ">=2.7, !=3.0.*, !=3.1.*, !=3.2.*, !=3.3.*"
version = "2.5.0"

[[package]]
category = "main"
description = "C parser in Python"
name = "pycparser"
optional = false
python-versions = ">=2.7, !=3.0.*, !=3.1.*, !=3.2.*, !=3.3.*"
version = "2.19"

[[package]]
category = "dev"
description = "passive checker of Python programs"
name = "pyflakes"
optional = false
python-versions = ">=2.7, !=3.0.*, !=3.1.*, !=3.2.*, !=3.3.*"
version = "2.1.1"

[[package]]
category = "dev"
description = "Alternative regular expression module, to replace re."
name = "regex"
optional = false
python-versions = "*"
version = "2019.11.1"

[[package]]
category = "main"
description = "Pythonic cffi port of libtcod."
name = "tcod"
optional = false
python-versions = ">=3.5"
version = "11.4.1"

[package.dependencies]
cffi = ">=1.12.0,<2"
numpy = ">=1.10,<2"

[[package]]
category = "dev"
description = "Python Library for Tom's Obvious, Minimal Language"
name = "toml"
optional = false
python-versions = "*"
version = "0.10.0"

[[package]]
category = "dev"
description = "a fork of Python 2 and 3 ast modules with type comment support"
name = "typed-ast"
optional = false
python-versions = "*"
version = "1.4.0"

[[package]]
category = "dev"
description = "Backported and Experimental Type Hints for Python 3.5+"
name = "typing-extensions"
optional = false
python-versions = "*"
version = "3.7.4.1"

[metadata]
content-hash = "c61573c63c0fe7cf49434722fdc8c9e2a08db1e37185ff48bf0cb7a97081eeb8"
python-versions = "^3.7"

[metadata.files]
appdirs = [
    {file = "appdirs-1.4.3-py2.py3-none-any.whl", hash = "sha256:d8b24664561d0d34ddfaec54636d502d7cea6e29c3eaf68f3df6180863e2166e"},
    {file = "appdirs-1.4.3.tar.gz", hash = "sha256:9e5896d1372858f8dd3344faf4e5014d21849c756c8d5701f78f8a103b372d92"},
]
attrs = [
    {file = "attrs-19.3.0-py2.py3-none-any.whl", hash = "sha256:08a96c641c3a74e44eb59afb61a24f2cb9f4d7188748e76ba4bb5edfa3cb7d1c"},
    {file = "attrs-19.3.0.tar.gz", hash = "sha256:f7b7ce16570fe9965acd6d30101a28f62fb4a7f9e926b3bbc9b61f8b04247e72"},
]
black = [
    {file = "black-19.10b0-py36-none-any.whl", hash = "sha256:1b30e59be925fafc1ee4565e5e08abef6b03fe455102883820fe5ee2e4734e0b"},
    {file = "black-19.10b0.tar.gz", hash = "sha256:c2edb73a08e9e0e6f65a0e6af18b059b8b1cdd5bef997d7a0b181df93dc81539"},
]
cffi = [
    {file = "cffi-1.13.1-cp27-cp27m-macosx_10_6_intel.whl", hash = "sha256:9009e917d8f5ef780c2626e29b6bc126f4cb2a4d43ca67aa2b40f2a5d6385e78"},
    {file = "cffi-1.13.1-cp27-cp27m-manylinux1_i686.whl", hash = "sha256:825ecffd9574557590e3225560a8a9d751f6ffe4a49e3c40918c9969b93395fa"},
    {file = "cffi-1.13.1-cp27-cp27m-manylinux1_x86_64.whl", hash = "sha256:193697c2918ecdb3865acf6557cddf5076bb39f1f654975e087b67efdff83365"},
    {file = "cffi-1.13.1-cp27-cp27m-win32.whl", hash = "sha256:1ae14b542bf3b35e5229439c35653d2ef7d8316c1fffb980f9b7647e544baa98"},
    {file = "cffi-1.13.1-cp27-cp27m-win_amd64.whl", hash = "sha256:0ea23c9c0cdd6778146a50d867d6405693ac3b80a68829966c98dd5e1bbae400"},
    {file = "cffi-1.13.1-cp27-cp27mu-manylinux1_i686.whl", hash = "sha256:ec2fa3ee81707a5232bf2dfbd6623fdb278e070d596effc7e2d788f2ada71a05"},
    {file = "cffi-1.13.1-cp27-cp27mu-manylinux1_x86_64.whl", hash = "sha256:7cfcfda59ef1f95b9f729c56fe8a4041899f96b72685d36ef16a3440a0f85da8"},
    {file = "cffi-1.13.1-cp34-cp34m-macosx_10_6_intel.whl", hash = "sha256:6fd58366747debfa5e6163ada468a90788411f10c92597d3b0a912d07e580c36"},
    {file = "cffi-1.13.1-cp34-cp34m-manylinux1_i686.whl", hash = "sha256:9c77564a51d4d914ed5af096cd9843d90c45b784b511723bd46a8a9d09cf16fc"},
    {file = "cffi-1.13.1-cp34-cp34m-manylinux1_x86_64.whl", hash = "sha256:728ec653964655d65408949b07f9b2219df78badd601d6c49e28d604efe40599"},
    {file = "cffi-1.13.1-cp34-cp34m-win32.whl", hash = "sha256:b8f09f21544b9899defb09afbdaeb200e6a87a2b8e604892940044cf94444644"},
    {file = "cffi-1.13.1-cp34-cp34m-win_amd64.whl", hash = "sha256:8a2bcae2258d00fcfc96a9bde4a6177bc4274fe033f79311c5dd3d3148c26518"},
    {file = "cffi-1.13.1-cp35-cp35m-macosx_10_6_intel.whl", hash = "sha256:a19089fa74ed19c4fe96502a291cfdb89223a9705b1d73b3005df4256976142e"},
    {file = "cffi-1.13.1-cp35-cp35m-manylinux1_i686.whl", hash = "sha256:e22a00c0c81ffcecaf07c2bfb3672fa372c50e2bd1024ffee0da191c1b27fc71"},
    {file = "cffi-1.13.1-cp35-cp35m-manylinux1_x86_64.whl", hash = "sha256:bb75ba21d5716abc41af16eac1145ab2e471deedde1f22c6f99bd9f995504df0"},
    {file = "cffi-1.13.1-cp35-cp35m-win32.whl", hash = "sha256:364f8404034ae1b232335d8c7f7b57deac566f148f7222cef78cf8ae28ef764e"},
    {file = "cffi-1.13.1-cp35-cp35m-win_amd64.whl", hash = "sha256:fd82eb4694be712fcae03c717ca2e0fc720657ac226b80bbb597e971fc6928c2"},
    {file = "cffi-1.13.1-cp36-cp36m-macosx_10_6_intel.whl", hash = "sha256:5ba86e1d80d458b338bda676fd9f9d68cb4e7a03819632969cf6d46b01a26730"},
    {file = "cffi-1.13.1-cp36-cp36m-manylinux1_i686.whl", hash = "sha256:63424daa6955e6b4c70dc2755897f5be1d719eabe71b2625948b222775ed5c43"},
    {file = "cffi-1.13.1-cp36-cp36m-manylinux1_x86_64.whl", hash = "sha256:33142ae9807665fa6511cfa9857132b2c3ee6ddffb012b3f0933fc11e1e830d5"},
    {file = "cffi-1.13.1-cp36-cp36m-win32.whl", hash = "sha256:e55b5a746fb77f10c83e8af081979351722f6ea48facea79d470b3731c7b2891"},
    {file = "cffi-1.13.1-cp36-cp36m-win_amd64.whl", hash = "sha256:47368f69fe6529f8f49a5d146ddee713fc9057e31d61e8b6dc86a6a5e38cecc1"},
    {file = "cffi-1.13.1-cp37-cp37m-macosx_10_6_intel.whl", hash = "sha256:4895640844f17bec32943995dc8c96989226974dfeb9dd121cc45d36e0d0c434"},
    {file = "cffi-1.13.1-cp37-cp37m-manylinux1_i686.whl", hash = "sha256:00d890313797d9fe4420506613384b43099ad7d2b905c0752dbcc3a6f14d80fa"},
    {file = "cffi-1.13.1-cp37-cp37m-manylinux1_x86_64.whl", hash = "sha256:a40ed527bffa2b7ebe07acc5a3f782da072e262ca994b4f2085100b5a444bbb2"},
    {file = "cffi-1.13.1-cp37-cp37m-win32.whl", hash = "sha256:6381a7d8b1ebd0bc27c3bc85bc1bfadbb6e6f756b4d4db0aa1425c3719ba26b4"},
    {file = "cffi-1.13.1-cp37-cp37m-win_amd64.whl", hash = "sha256:1e389e069450609c6ffa37f21f40cce36f9be7643bbe5051ab1de99d5a779526"},
    {file = "cffi-1.13.1-cp38-cp38-macosx_10_9_x86_64.whl", hash = "sha256:6381ab708158c4e1639da1f2a7679a9bbe3e5a776fc6d1fd808076f0e3145331"},
    {file = "cffi-1.13.1-cp38-cp38-manylinux1_x86_64.whl", hash = "sha256:0cf9e550ac6c5e57b713437e2f4ac2d7fd0cd10336525a27224f5fc1ec2ee59a"},
    {file = "cffi-1.13.1-cp38-cp38-win32.whl", hash = "sha256:819f8d5197c2684524637f940445c06e003c4a541f9983fd30d6deaa2a5487d8"},
    {file = "cffi-1.13.1-cp38-cp38-win_amd64.whl", hash = "sha256:263242b6ace7f9cd4ea401428d2d45066b49a700852334fd55311bde36dcda14"},
    {file = "cffi-1.13.1.tar.gz", hash = "sha256:558b3afef987cf4b17abd849e7bedf64ee12b28175d564d05b628a0f9355599b"},
]
click = [
    {file = "Click-7.0-py2.py3-none-any.whl", hash = "sha256:2335065e6395b9e67ca716de5f7526736bfa6ceead690adf616d925bdc622b13"},
    {file = "Click-7.0.tar.gz", hash = "sha256:5b94b49521f6456670fdb30cd82a4eca9412788a93fa6dd6df72c94d5a8ff2d7"},
]
entrypoints = [
    {file = "entrypoints-0.3-py2.py3-none-any.whl", hash = "sha256:589f874b313739ad35be6e0cd7efde2a4e9b6fea91edcc34e58ecbb8dbe56d19"},
    {file = "entrypoints-0.3.tar.gz", hash = "sha256:c70dd71abe5a8c85e55e12c19bd91ccfeec11a6e99044204511f9ed547d48451"},
]
esper = [
    {file = "esper-1.2-py3-none-any.whl", hash = "sha256:a217e1adb7b17c9ef5e0f8b3ff867932ce37157be227b237dcbbe36e6bb5cf0b"},
    {file = "esper-1.2.tar.gz", hash = "sha256:1a7e049cffebcc6a99de19443483650fab080112ceaa29d379ef2b838b0b7724"},
]
flake8 = [
    {file = "flake8-3.7.9-py2.py3-none-any.whl", hash = "sha256:49356e766643ad15072a789a20915d3c91dc89fd313ccd71802303fd67e4deca"},
    {file = "flake8-3.7.9.tar.gz", hash = "sha256:45681a117ecc81e870cbf1262835ae4af5e7a8b08e40b944a8a6e6b895914cfb"},
]
isort = [
    {file = "isort-4.3.21-py2.py3-none-any.whl", hash = "sha256:6e811fcb295968434526407adb8796944f1988c5b65e8139058f2014cbe100fd"},
    {file = "isort-4.3.21.tar.gz", hash = "sha256:54da7e92468955c4fceacd0c86bd0ec997b0e1ee80d97f67c35a78b719dccab1"},
]
mccabe = [
    {file = "mccabe-0.6.1-py2.py3-none-any.whl", hash = "sha256:ab8a6258860da4b6677da4bd2fe5dc2c659cff31b3ee4f7f5d64e79735b80d42"},
    {file = "mccabe-0.6.1.tar.gz", hash = "sha256:dd8d182285a0fe56bace7f45b5e7d1a6ebcbf524e8f3bd87eb0f125271b8831f"},
]
mypy = [
    {file = "mypy-0.740-cp35-cp35m-macosx_10_6_x86_64.whl", hash = "sha256:9371290aa2cad5ad133e4cdc43892778efd13293406f7340b9ffe99d5ec7c1d9"},
    {file = "mypy-0.740-cp35-cp35m-manylinux1_x86_64.whl", hash = "sha256:b428f883d2b3fe1d052c630642cc6afddd07d5cd7873da948644508be3b9d4a7"},
    {file = "mypy-0.740-cp35-cp35m-win_amd64.whl", hash = "sha256:ace6ac1d0f87d4072f05b5468a084a45b4eda970e4d26704f201e06d47ab2990"},
    {file = "mypy-0.740-cp36-cp36m-macosx_10_6_x86_64.whl", hash = "sha256:d7574e283f83c08501607586b3167728c58e8442947e027d2d4c7dcd6d82f453"},
    {file = "mypy-0.740-cp36-cp36m-manylinux1_x86_64.whl", hash = "sha256:d5bf0e6ec8ba346a2cf35cb55bf4adfddbc6b6576fcc9e10863daa523e418dbb"},
    {file = "mypy-0.740-cp36-cp36m-win_amd64.whl", hash = "sha256:1521c186a3d200c399bd5573c828ea2db1362af7209b2adb1bb8532cea2fb36f"},
    {file = "mypy-0.740-cp37-cp37m-macosx_10_6_x86_64.whl", hash = "sha256:dc889c84241a857c263a2b1cd1121507db7d5b5f5e87e77147097230f374d10b"},
    {file = "mypy-0.740-cp37-cp37m-manylinux1_x86_64.whl", hash = "sha256:6ed3b9b3fdc7193ea7aca6f3c20549b377a56f28769783a8f27191903a54170f"},
    {file = "mypy-0.740-cp37-cp37m-win_amd64.whl", hash = "sha256:31a046ab040a84a0fc38bc93694876398e62bc9f35eca8ccbf6418b7297f4c00"},
    {file = "mypy-0.740-cp38-cp38-macosx_10_9_x86_64.whl", hash = "sha256:672e418425d957e276c291930a3921b4a6413204f53fe7c37cad7bc57b9a3391"},
    {file = "mypy-0.740-cp38-cp38-manylinux1_x86_64.whl", hash = "sha256:3b1a411909c84b2ae9b8283b58b48541654b918e8513c20a400bb946aa9111ae"},
    {file = "mypy-0.740-cp38-cp38-win_amd64.whl", hash = "sha256:540c9caa57a22d0d5d3c69047cc9dd0094d49782603eb03069821b41f9e970e9"},
    {file = "mypy-0.740-py3-none-any.whl", hash = "sha256:f4748697b349f373002656bf32fede706a0e713d67bfdcf04edf39b1f61d46eb"},
    {file = "mypy-0.740.tar.gz", hash = "sha256:48c8bc99380575deb39f5d3400ebb6a8a1cb5cc669bbba4d3bb30f904e0a0e7d"},
]
mypy-extensions = [
    {file = "mypy_extensions-0.4.3-py2.py3-none-any.whl", hash = "sha256:090fedd75945a69ae91ce1303b5824f428daf5a028d2f6ab8a299250a846f15d"},
    {file = "mypy_extensions-0.4.3.tar.gz", hash = "sha256:2d82818f5bb3e369420cb3c4060a7970edba416647068eb4c5343488a6c604a8"},
]
numpy = [
    {file = "numpy-1.17.3-cp35-cp35m-macosx_10_6_intel.whl", hash = "sha256:4dd830a11e8724c9c9379feed1d1be43113f8bcce55f47ea7186d3946769ce26"},
    {file = "numpy-1.17.3-cp35-cp35m-manylinux1_i686.whl", hash = "sha256:30c84e3a62cfcb9e3066f25226e131451312a044f1fe2040e69ce792cb7de418"},
    {file = "numpy-1.17.3-cp35-cp35m-manylinux1_x86_64.whl", hash = "sha256:9395b0a41e8b7e9a284e3be7060db9d14ad80273841c952c83a5afc241d2bd98"},
    {file = "numpy-1.17.3-cp35-cp35m-win32.whl", hash = "sha256:9e37c35fc4e9410093b04a77d11a34c64bf658565e30df7cbe882056088a91c1"},
    {file = "numpy-1.17.3-cp35-cp35m-win_amd64.whl", hash = "sha256:de2b1c20494bdf47f0160bd88ed05f5e48ae5dc336b8de7cfade71abcc95c0b9"},
    {file = "numpy-1.17.3-cp36-cp36m-macosx_10_9_x86_64.whl", hash = "sha256:669795516d62f38845c7033679c648903200980d68935baaa17ac5c7ae03ae0c"},
    {file = "numpy-1.17.3-cp36-cp36m-manylinux1_i686.whl", hash = "sha256:4650d94bb9c947151737ee022b934b7d9a845a7c76e476f3e460f09a0c8c6f39"},
    {file = "numpy-1.17.3-cp36-cp36m-manylinux1_x86_64.whl", hash = "sha256:4f2a2b279efde194877aff1f76cf61c68e840db242a5c7169f1ff0fd59a2b1e2"},
    {file = "numpy-1.17.3-cp36-cp36m-win32.whl", hash = "sha256:ffca69e29079f7880c5392bf675eb8b4146479d976ae1924d01cd92b04cccbcc"},
    {file = "numpy-1.17.3-cp36-cp36m-win_amd64.whl", hash = "sha256:2e418f0a59473dac424f888dd57e85f77502a593b207809211c76e5396ae4f5c"},
    {file = "numpy-1.17.3-cp37-cp37m-macosx_10_9_x86_64.whl", hash = "sha256:75fcd60d682db3e1f8fbe2b8b0c6761937ad56d01c1dc73edf4ef2748d5b6bc4"},
    {file = "numpy-1.17.3-cp37-cp37m-manylinux1_i686.whl", hash = "sha256:28b1180c758abf34a5c3fea76fcee66a87def1656724c42bb14a6f9717a5bdf7"},
    {file = "numpy-1.17.3-cp37-cp37m-manylinux1_x86_64.whl", hash = "sha256:dd0667f5be56fb1b570154c2c0516a528e02d50da121bbbb2cbb0b6f87f59bc2"},
    {file = "numpy-1.17.3-cp37-cp37m-win32.whl", hash = "sha256:25ffe71f96878e1da7e014467e19e7db90ae7d4e12affbc73101bcf61785214e"},
    {file = "numpy-1.17.3-cp37-cp37m-win_amd64.whl", hash = "sha256:0b0dd8f47fb177d00fa6ef2d58783c4f41ad3126b139c91dd2f7c4b3fdf5e9a5"},
    {file = "numpy-1.17.3-cp38-cp38-macosx_10_9_x86_64.whl", hash = "sha256:62d22566b3e3428dfc9ec972014c38ed9a4db4f8969c78f5414012ccd80a149e"},
    {file = "numpy-1.17.3-cp38-cp38-manylinux1_i686.whl", hash = "sha256:26efd7f7d755e6ca966a5c0ac5a930a87dbbaab1c51716ac26a38f42ecc9bc4b"},
    {file = "numpy-1.17.3-cp38-cp38-manylinux1_x86_64.whl", hash = "sha256:b46554ad4dafb2927f88de5a1d207398c5385edbb5c84d30b3ef187c4a3894d8"},
    {file = "numpy-1.17.3-cp38-cp38-win32.whl", hash = "sha256:c867eeccd934920a800f65c6068acdd6b87e80d45cd8c8beefff783b23cdc462"},
    {file = "numpy-1.17.3-cp38-cp38-win_amd64.whl", hash = "sha256:f1df7b2b7740dd777571c732f98adb5aad5450aee32772f1b39249c8a50386f6"},
    {file = "numpy-1.17.3.zip", hash = "sha256:a0678793096205a4d784bd99f32803ba8100f639cf3b932dc63b21621390ea7e"},
]
pathspec = [
    {file = "pathspec-0.6.0.tar.gz", hash = "sha256:e285ccc8b0785beadd4c18e5708b12bb8fcf529a1e61215b3feff1d1e559ea5c"},
]
pycodestyle = [
    {file = "pycodestyle-2.5.0-py2.py3-none-any.whl", hash = "sha256:95a2219d12372f05704562a14ec30bc76b05a5b297b21a5dfe3f6fac3491ae56"},
    {file = "pycodestyle-2.5.0.tar.gz", hash = "sha256:e40a936c9a450ad81df37f549d676d127b1b66000a6c500caa2b085bc0ca976c"},
]
pycparser = [
    {file = "pycparser-2.19.tar.gz", hash = "sha256:a988718abfad80b6b157acce7bf130a30876d27603738ac39f140993246b25b3"},
]
pyflakes = [
    {file = "pyflakes-2.1.1-py2.py3-none-any.whl", hash = "sha256:17dbeb2e3f4d772725c777fabc446d5634d1038f234e77343108ce445ea69ce0"},
    {file = "pyflakes-2.1.1.tar.gz", hash = "sha256:d976835886f8c5b31d47970ed689944a0262b5f3afa00a5a7b4dc81e5449f8a2"},
]
regex = [
    {file = "regex-2019.11.1-cp27-none-win32.whl", hash = "sha256:604dc563a02a74d70ae1f55208ddc9bfb6d9f470f6d1a5054c4bd5ae58744ab1"},
    {file = "regex-2019.11.1-cp27-none-win_amd64.whl", hash = "sha256:5e00f65cc507d13ab4dfa92c1232d004fa202c1d43a32a13940ab8a5afe2fb96"},
    {file = "regex-2019.11.1-cp35-none-win32.whl", hash = "sha256:15454b37c5a278f46f7aa2d9339bda450c300617ca2fca6558d05d870245edc7"},
    {file = "regex-2019.11.1-cp35-none-win_amd64.whl", hash = "sha256:d2b302f8cdd82c8f48e9de749d1d17f85ce9a0f082880b9a4859f66b07037dc6"},
    {file = "regex-2019.11.1-cp36-cp36m-manylinux1_i686.whl", hash = "sha256:b4e0406d822aa4993ac45072a584d57aa4931cf8288b5455bbf30c1d59dbad59"},
    {file = "regex-2019.11.1-cp36-cp36m-manylinux1_x86_64.whl", hash = "sha256:7faf534c1841c09d8fefa60ccde7b9903c9b528853ecf41628689793290ca143"},
    {file = "regex-2019.11.1-cp36-none-win32.whl", hash = "sha256:7caf47e4a9ac6ef08cabd3442cc4ca3386db141fb3c8b2a7e202d0470028e910"},
    {file = "regex-2019.11.1-cp36-none-win_amd64.whl", hash = "sha256:e3d8dd0ec0ea280cf89026b0898971f5750a7bd92cb62c51af5a52abd020054a"},
    {file = "regex-2019.11.1-cp37-none-win32.whl", hash = "sha256:c31eaf28c6fe75ea329add0022efeed249e37861c19681960f99bbc7db981fb2"},
    {file = "regex-2019.11.1-cp37-none-win_amd64.whl", hash = "sha256:1ad40708c255943a227e778b022c6497c129ad614bb7a2a2f916e12e8a359ee7"},
    {file = "regex-2019.11.1-cp38-none-win32.whl", hash = "sha256:ec032cbfed59bd5a4b8eab943c310acfaaa81394e14f44454ad5c9eba4f24a74"},
    {file = "regex-2019.11.1-cp38-none-win_amd64.whl", hash = "sha256:c7393597191fc2043c744db021643549061e12abe0b3ff5c429d806de7b93b66"},
    {file = "regex-2019.11.1.tar.gz", hash = "sha256:720e34a539a76a1fedcebe4397290604cc2bdf6f81eca44adb9fb2ea071c0c69"},
]
tcod = [
    {file = "tcod-11.4.1-cp35-abi3-macosx_10_9_x86_64.whl", hash = "sha256:5597cdfe36396faf8dfa2ba402cb5330ac8ced82fdefc7f94f09e0d5e403c80f"},
    {file = "tcod-11.4.1-cp35-cp35m-win32.whl", hash = "sha256:e6c64ab3132f6f63b61219cb3795f782a5a01fd16fd1c76b62495b847c5d9f1a"},
    {file = "tcod-11.4.1-cp35-cp35m-win_amd64.whl", hash = "sha256:d07c5ccdab5860060f4b7ac740771980f04c923062b3767ff9fa64fdf233d681"},
    {file = "tcod-11.4.1-cp36-cp36m-win32.whl", hash = "sha256:e643bea37a4170be30c4bca8521dbd72a774f1aa67e1ca30a2f12e6e0310ba85"},
    {file = "tcod-11.4.1-cp36-cp36m-win_amd64.whl", hash = "sha256:86bc89c27b1adc00f5c2542e69ad59e8bced32172cbacbb4d213ff7529f870ac"},
    {file = "tcod-11.4.1-cp37-cp37m-win32.whl", hash = "sha256:012c21c2ad9048d30a70a360ceca1b7533fe0cbee5a8087a12301b25b9e25c00"},
    {file = "tcod-11.4.1-cp37-cp37m-win_amd64.whl", hash = "sha256:2b4e3fcde0ae7dfc2fb7800c4746e5ac3a655b43e22605d33ee58917472c04d3"},
    {file = "tcod-11.4.1-cp38-cp38-win32.whl", hash = "sha256:e79e62bbe47dc35cedc662482b8f7ba916b9f4a8870ff8b20870e93e8f1469b9"},
    {file = "tcod-11.4.1-cp38-cp38-win_amd64.whl", hash = "sha256:c17bd6d8c5cf6bdcf8f683397c4967bcf5f89e887b222ba5c6c35fd4982d7788"},
    {file = "tcod-11.4.1-pp370-pypy3_70-macosx_10_13_x86_64.whl", hash = "sha256:be5cf032b7616815e39464beab4b7c04f1d147b3382218f9f7c80da4f0761fae"},
    {file = "tcod-11.4.1-pp371-pypy3_71-macosx_10_13_x86_64.whl", hash = "sha256:26da060ed4572026b780c3775b0480165e12400011ac2e0252cc2def15655358"},
    {file = "tcod-11.4.1-pp372-pp372-win32.whl", hash = "sha256:8627f3e22913e903848f0b9395d07ed1e27fc88be778294414dd4900af051fb9"},
    {file = "tcod-11.4.1.tar.gz", hash = "sha256:247e3f238486d145cabe6c07d4e2d23238a4455e37095490cb22815f1992794f"},
]
toml = [
    {file = "toml-0.10.0-py2.7.egg", hash = "sha256:f1db651f9657708513243e61e6cc67d101a39bad662eaa9b5546f789338e07a3"},
    {file = "toml-0.10.0-py2.py3-none-any.whl", hash = "sha256:235682dd292d5899d361a811df37e04a8828a5b1da3115886b73cf81ebc9100e"},
    {file = "toml-0.10.0.tar.gz", hash = "sha256:229f81c57791a41d65e399fc06bf0848bab550a9dfd5ed66df18ce5f05e73d5c"},
]
typed-ast = [
    {file = "typed_ast-1.4.0-cp35-cp35m-manylinux1_i686.whl", hash = "sha256:262c247a82d005e43b5b7f69aff746370538e176131c32dda9cb0f324d27141e"},
    {file = "typed_ast-1.4.0-cp35-cp35m-manylinux1_x86_64.whl", hash = "sha256:71211d26ffd12d63a83e079ff258ac9d56a1376a25bc80b1cdcdf601b855b90b"},
    {file = "typed_ast-1.4.0-cp35-cp35m-win32.whl", hash = "sha256:630968c5cdee51a11c05a30453f8cd65e0cc1d2ad0d9192819df9978984529f4"},
    {file = "typed_ast-1.4.0-cp35-cp35m-win_amd64.whl", hash = "sha256:ffde2fbfad571af120fcbfbbc61c72469e72f550d676c3342492a9dfdefb8f12"},
    {file = "typed_ast-1.4.0-cp36-cp36m-macosx_10_9_x86_64.whl", hash = "sha256:4e0b70c6fc4d010f8107726af5fd37921b666f5b31d9331f0bd24ad9a088e631"},
    {file = "typed_ast-1.4.0-cp36-cp36m-manylinux1_i686.whl", hash = "sha256:bc6c7d3fa1325a0c6613512a093bc2a2a15aeec350451cbdf9e1d4bffe3e3233"},
    {file = "typed_ast-1.4.0-cp36-cp36m-manylinux1_x86_64.whl", hash = "sha256:cc34a6f5b426748a507dd5d1de4c1978f2eb5626d51326e43280941206c209e1"},
    {file = "typed_ast-1.4.0-cp36-cp36m-win32.whl", hash = "sha256:d896919306dd0aa22d0132f62a1b78d11aaf4c9fc5b3410d3c666b818191630a"},
    {file = "typed_ast-1.4.0-cp36-cp36m-win_amd64.whl", hash = "sha256:354c16e5babd09f5cb0ee000d54cfa38401d8b8891eefa878ac772f827181a3c"},
    {file = "typed_ast-1.4.0-cp37-cp37m-macosx_10_9_x86_64.whl", hash = "sha256:95bd11af7eafc16e829af2d3df510cecfd4387f6453355188342c3e79a2ec87a"},
    {file = "typed_ast-1.4.0-cp37-cp37m-manylinux1_i686.whl", hash = "sha256:18511a0b3e7922276346bcb47e2ef9f38fb90fd31cb9223eed42c85d1312344e"},
    {file = "typed_ast-1.4.0-cp37-cp37m-manylinux1_x86_64.whl", hash = "sha256:d7c45933b1bdfaf9f36c579671fec15d25b06c8398f113dab64c18ed1adda01d"},
    {file = "typed_ast-1.4.0-cp37-cp37m-win32.whl", hash = "sha256:d755f03c1e4a51e9b24d899561fec4ccaf51f210d52abdf8c07ee2849b212a36"},
    {file = "typed_ast-1.4.0-cp37-cp37m-win_amd64.whl", hash = "sha256:2b907eb046d049bcd9892e3076c7a6456c93a25bebfe554e931620c90e6a25b0"},
    {file = "typed_ast-1.4.0-cp38-cp38-macosx_10_9_x86_64.whl", hash = "sha256:fdc1c9bbf79510b76408840e009ed65958feba92a88833cdceecff93ae8fff66"},
    {file = "typed_ast-1.4.0-cp38-cp38-manylinux1_i686.whl", hash = "sha256:7954560051331d003b4e2b3eb822d9dd2e376fa4f6d98fee32f452f52dd6ebb2"},
    {file = "typed_ast-1.4.0-cp38-cp38-manylinux1_x86_64.whl", hash = "sha256:48e5b1e71f25cfdef98b013263a88d7145879fbb2d5185f2a0c79fa7ebbeae47"},
    {file = "typed_ast-1.4.0-cp38-cp38-win32.whl", hash = "sha256:1170afa46a3799e18b4c977777ce137bb53c7485379d9706af8a59f2ea1aa161"},
    {file = "typed_ast-1.4.0-cp38-cp38-win_amd64.whl", hash = "sha256:838997f4310012cf2e1ad3803bce2f3402e9ffb71ded61b5ee22617b3a7f6b6e"},
    {file = "typed_ast-1.4.0.tar.gz", hash = "sha256:66480f95b8167c9c5c5c87f32cf437d585937970f3fc24386f313a4c97b44e34"},
]
typing-extensions = [
    {file = "typing_extensions-3.7.4.1-py2-none-any.whl", hash = "sha256:910f4656f54de5993ad9304959ce9bb903f90aadc7c67a0bef07e678014e892d"},
    {file = "typing_extensions-3.7.4.1-py3-none-any.whl", hash = "sha256:cf8b63fedea4d89bab840ecbb93e75578af28f76f66c35889bd7065f5af88575"},
    {file = "typing_extensions-3.7.4.1.tar.gz", hash = "sha256:091ecc894d5e908ac75209f10d5b4f118fbdb2eb1ede6a63544054bb1edb41f2"},
]
